
Microsoft Visual Studio Solution File, Format Version 12.00
# Visual Studio Version 17
VisualStudioVersion = 17.5.002.0
MinimumVisualStudioVersion = 10.0.40219.1
Project("{2150E333-8FDC-42A3-9474-1A3956D46DE8}") = "Services", "Services", "{8BC03B4B-DB9B-4066-92A9-D243AADF33D5}"
EndProject
Project("{2150E333-8FDC-42A3-9474-1A3956D46DE8}") = "Catalog", "Catalog", "{9EF6E08C-718E-420F-8735-5C728BCF822B}"
EndProject
Project("{9A19103F-16F7-4668-BE54-9A1E7A4F7556}") = "Catalog.API", "Services\Catalog\Catalog.API\Catalog.API.csproj", "{8BDF68B9-C796-47AC-AEAC-D994763A4FEA}"
EndProject
Project("{9A19103F-16F7-4668-BE54-9A1E7A4F7556}") = "Catalog.Application", "Services\Catalog\Catalog.Application\Catalog.Application.csproj", "{02B34331-FFA4-4BB1-9E53-6697872C3C8A}"
EndProject
Project("{9A19103F-16F7-4668-BE54-9A1E7A4F7556}") = "Catalog.Core", "Services\Catalog\Catalog.Core\Catalog.Core.csproj", "{BB37A50F-898E-4622-BAA1-DF7538D78158}"
EndProject
Project("{9A19103F-16F7-4668-BE54-9A1E7A4F7556}") = "Catalog.Infrastructure", "Services\Catalog\Catalog.Infrastructure\Catalog.Infrastructure.csproj", "{C9FB06A0-55FB-49A9-9145-7145BA748AC1}"
EndProject
Project("{2150E333-8FDC-42A3-9474-1A3956D46DE8}") = "Basket", "Basket", "{BB60BB23-6D4B-4B11-AD55-12F6E98D15AB}"
EndProject
Project("{FAE04EC0-301F-11D3-BF4B-00C04F79EFBC}") = "Basket.API", "Services\Basket\Basket.API\Basket.API.csproj", "{8E33A9F2-473F-49B8-B0A6-1DBC96CFD99C}"
EndProject
Project("{FAE04EC0-301F-11D3-BF4B-00C04F79EFBC}") = "Basket.Application", "Services\Basket\Basket.Application\Basket.Application.csproj", "{91B11E3C-69AD-41D0-9739-FDCAB04493B7}"
EndProject
Project("{FAE04EC0-301F-11D3-BF4B-00C04F79EFBC}") = "Basket.Core", "Services\Basket\Basket.Core\Basket.Core.csproj", "{35E5F082-EE72-439B-A103-9EE91B55ADFC}"
EndProject
Project("{FAE04EC0-301F-11D3-BF4B-00C04F79EFBC}") = "Basket.Infrastructure", "Services\Basket\Basket.Infrastructure\Basket.Infrastructure.csproj", "{98427024-F5F8-4D4B-9CE0-52626EFE2381}"
EndProject
Project("{2150E333-8FDC-42A3-9474-1A3956D46DE8}") = "Discount", "Discount", "{66E3CACE-993B-46CD-85A3-2B389122EF94}"
EndProject
Project("{FAE04EC0-301F-11D3-BF4B-00C04F79EFBC}") = "Discount.API", "Services\Discount\Discount.API\Discount.API.csproj", "{C296EE2B-9FBC-40F8-89B1-9B322226335C}"
EndProject
Project("{FAE04EC0-301F-11D3-BF4B-00C04F79EFBC}") = "Discount.Application", "Services\Discount\Discount.Application\Discount.Application.csproj", "{ACAB02A0-7961-4E09-9C13-3C0389661EF3}"
EndProject
Project("{FAE04EC0-301F-11D3-BF4B-00C04F79EFBC}") = "Discount.Core", "Services\Discount\Discount.Core\Discount.Core.csproj", "{2B9EADB1-C962-4B02-9D08-3A1335AB1C32}"
EndProject
Project("{FAE04EC0-301F-11D3-BF4B-00C04F79EFBC}") = "Discount.Infrastructure", "Services\Discount\Discount.Infrastructure\Discount.Infrastructure.csproj", "{A628ED03-4959-4AEA-BDAB-8159CB8C9C09}"
EndProject
Project("{2150E333-8FDC-42A3-9474-1A3956D46DE8}") = "Ordering", "Ordering", "{98B29A9F-E7E7-4E21-9B48-A2914BD07284}"
EndProject
Project("{FAE04EC0-301F-11D3-BF4B-00C04F79EFBC}") = "Ordering.API", "Services\Ordering\Ordering.API\Ordering.API.csproj", "{A9439385-6778-4FF0-9D88-70D6DDE6D9A1}"
EndProject
Project("{FAE04EC0-301F-11D3-BF4B-00C04F79EFBC}") = "Ordering.Core", "Services\Ordering\Ordering.Core\Ordering.Core.csproj", "{FF2C6E55-0630-481A-887B-40EA2A2041EE}"
EndProject
Project("{FAE04EC0-301F-11D3-BF4B-00C04F79EFBC}") = "Ordering.Aplication", "Services\Ordering\Ordering.Aplication\Ordering.Aplication.csproj", "{261225EA-11F4-4439-9F7D-61DF3FEF0079}"
EndProject
Project("{FAE04EC0-301F-11D3-BF4B-00C04F79EFBC}") = "Ordering.Infrastructure", "Services\Ordering\Ordering.Infrastructure\Ordering.Infrastructure.csproj", "{F71370CC-38F9-4F0E-9F72-26B33C000A6B}"
EndProject
Project("{2150E333-8FDC-42A3-9474-1A3956D46DE8}") = "Infrastructure", "Infrastructure", "{ED5B68FF-AA3C-4548-AE88-130B82AD642B}"
EndProject
Project("{FAE04EC0-301F-11D3-BF4B-00C04F79EFBC}") = "EventBus.Messages", "Infrastructure\EventBus.Messages\EventBus.Messages.csproj", "{45C82ED5-BAF0-4789-87E8-6A32528B261A}"
EndProject
Project("{2150E333-8FDC-42A3-9474-1A3956D46DE8}") = "ApiGateways", "ApiGateways", "{696D6BBB-86FB-443F-98BF-535B78BC84CC}"
EndProject
Project("{FAE04EC0-301F-11D3-BF4B-00C04F79EFBC}") = "Ocelot.ApiGateways", "ApiGateways\Ocelot.ApiGateways\Ocelot.ApiGateways.csproj", "{D5E5C4AF-9759-45A1-B79B-6DEC59275112}"
EndProject
Project("{FAE04EC0-301F-11D3-BF4B-00C04F79EFBC}") = "EShopping.Identity", "Infrastructure\EShopping.Identity\EShopping.Identity.csproj", "{B654F480-2540-4E6C-9F50-42E6A2BEB20D}"
EndProject
Project("{FAE04EC0-301F-11D3-BF4B-00C04F79EFBC}") = "Common.Logging", "Infrastructure\Common.Logging\Common.Logging.csproj", "{26A178B7-CAFB-4D6C-B946-13681E950761}"
EndProject
Global
	GlobalSection(SolutionConfigurationPlatforms) = preSolution
		Debug|Any CPU = Debug|Any CPU
		Release|Any CPU = Release|Any CPU
	EndGlobalSection
	GlobalSection(ProjectConfigurationPlatforms) = postSolution
		{8BDF68B9-C796-47AC-AEAC-D994763A4FEA}.Debug|Any CPU.ActiveCfg = Debug|Any CPU
		{8BDF68B9-C796-47AC-AEAC-D994763A4FEA}.Debug|Any CPU.Build.0 = Debug|Any CPU
		{8BDF68B9-C796-47AC-AEAC-D994763A4FEA}.Release|Any CPU.ActiveCfg = Release|Any CPU
		{8BDF68B9-C796-47AC-AEAC-D994763A4FEA}.Release|Any CPU.Build.0 = Release|Any CPU
		{02B34331-FFA4-4BB1-9E53-6697872C3C8A}.Debug|Any CPU.ActiveCfg = Debug|Any CPU
		{02B34331-FFA4-4BB1-9E53-6697872C3C8A}.Debug|Any CPU.Build.0 = Debug|Any CPU
		{02B34331-FFA4-4BB1-9E53-6697872C3C8A}.Release|Any CPU.ActiveCfg = Release|Any CPU
		{02B34331-FFA4-4BB1-9E53-6697872C3C8A}.Release|Any CPU.Build.0 = Release|Any CPU
		{BB37A50F-898E-4622-BAA1-DF7538D78158}.Debug|Any CPU.ActiveCfg = Debug|Any CPU
		{BB37A50F-898E-4622-BAA1-DF7538D78158}.Debug|Any CPU.Build.0 = Debug|Any CPU
		{BB37A50F-898E-4622-BAA1-DF7538D78158}.Release|Any CPU.ActiveCfg = Release|Any CPU
		{BB37A50F-898E-4622-BAA1-DF7538D78158}.Release|Any CPU.Build.0 = Release|Any CPU
		{C9FB06A0-55FB-49A9-9145-7145BA748AC1}.Debug|Any CPU.ActiveCfg = Debug|Any CPU
		{C9FB06A0-55FB-49A9-9145-7145BA748AC1}.Debug|Any CPU.Build.0 = Debug|Any CPU
		{C9FB06A0-55FB-49A9-9145-7145BA748AC1}.Release|Any CPU.ActiveCfg = Release|Any CPU
		{C9FB06A0-55FB-49A9-9145-7145BA748AC1}.Release|Any CPU.Build.0 = Release|Any CPU
		{8E33A9F2-473F-49B8-B0A6-1DBC96CFD99C}.Debug|Any CPU.ActiveCfg = Debug|Any CPU
		{8E33A9F2-473F-49B8-B0A6-1DBC96CFD99C}.Debug|Any CPU.Build.0 = Debug|Any CPU
		{8E33A9F2-473F-49B8-B0A6-1DBC96CFD99C}.Release|Any CPU.ActiveCfg = Release|Any CPU
		{8E33A9F2-473F-49B8-B0A6-1DBC96CFD99C}.Release|Any CPU.Build.0 = Release|Any CPU
		{91B11E3C-69AD-41D0-9739-FDCAB04493B7}.Debug|Any CPU.ActiveCfg = Debug|Any CPU
		{91B11E3C-69AD-41D0-9739-FDCAB04493B7}.Debug|Any CPU.Build.0 = Debug|Any CPU
		{91B11E3C-69AD-41D0-9739-FDCAB04493B7}.Release|Any CPU.ActiveCfg = Release|Any CPU
		{91B11E3C-69AD-41D0-9739-FDCAB04493B7}.Release|Any CPU.Build.0 = Release|Any CPU
		{35E5F082-EE72-439B-A103-9EE91B55ADFC}.Debug|Any CPU.ActiveCfg = Debug|Any CPU
		{35E5F082-EE72-439B-A103-9EE91B55ADFC}.Debug|Any CPU.Build.0 = Debug|Any CPU
		{35E5F082-EE72-439B-A103-9EE91B55ADFC}.Release|Any CPU.ActiveCfg = Release|Any CPU
		{35E5F082-EE72-439B-A103-9EE91B55ADFC}.Release|Any CPU.Build.0 = Release|Any CPU
		{98427024-F5F8-4D4B-9CE0-52626EFE2381}.Debug|Any CPU.ActiveCfg = Debug|Any CPU
		{98427024-F5F8-4D4B-9CE0-52626EFE2381}.Debug|Any CPU.Build.0 = Debug|Any CPU
		{98427024-F5F8-4D4B-9CE0-52626EFE2381}.Release|Any CPU.ActiveCfg = Release|Any CPU
		{98427024-F5F8-4D4B-9CE0-52626EFE2381}.Release|Any CPU.Build.0 = Release|Any CPU
		{C296EE2B-9FBC-40F8-89B1-9B322226335C}.Debug|Any CPU.ActiveCfg = Debug|Any CPU
		{C296EE2B-9FBC-40F8-89B1-9B322226335C}.Debug|Any CPU.Build.0 = Debug|Any CPU
		{C296EE2B-9FBC-40F8-89B1-9B322226335C}.Release|Any CPU.ActiveCfg = Release|Any CPU
		{C296EE2B-9FBC-40F8-89B1-9B322226335C}.Release|Any CPU.Build.0 = Release|Any CPU
		{ACAB02A0-7961-4E09-9C13-3C0389661EF3}.Debug|Any CPU.ActiveCfg = Debug|Any CPU
		{ACAB02A0-7961-4E09-9C13-3C0389661EF3}.Debug|Any CPU.Build.0 = Debug|Any CPU
		{ACAB02A0-7961-4E09-9C13-3C0389661EF3}.Release|Any CPU.ActiveCfg = Release|Any CPU
		{ACAB02A0-7961-4E09-9C13-3C0389661EF3}.Release|Any CPU.Build.0 = Release|Any CPU
		{2B9EADB1-C962-4B02-9D08-3A1335AB1C32}.Debug|Any CPU.ActiveCfg = Debug|Any CPU
		{2B9EADB1-C962-4B02-9D08-3A1335AB1C32}.Debug|Any CPU.Build.0 = Debug|Any CPU
		{2B9EADB1-C962-4B02-9D08-3A1335AB1C32}.Release|Any CPU.ActiveCfg = Release|Any CPU
		{2B9EADB1-C962-4B02-9D08-3A1335AB1C32}.Release|Any CPU.Build.0 = Release|Any CPU
		{A628ED03-4959-4AEA-BDAB-8159CB8C9C09}.Debug|Any CPU.ActiveCfg = Debug|Any CPU
		{A628ED03-4959-4AEA-BDAB-8159CB8C9C09}.Debug|Any CPU.Build.0 = Debug|Any CPU
		{A628ED03-4959-4AEA-BDAB-8159CB8C9C09}.Release|Any CPU.ActiveCfg = Release|Any CPU
		{A628ED03-4959-4AEA-BDAB-8159CB8C9C09}.Release|Any CPU.Build.0 = Release|Any CPU
		{A9439385-6778-4FF0-9D88-70D6DDE6D9A1}.Debug|Any CPU.ActiveCfg = Debug|Any CPU
		{A9439385-6778-4FF0-9D88-70D6DDE6D9A1}.Debug|Any CPU.Build.0 = Debug|Any CPU
		{A9439385-6778-4FF0-9D88-70D6DDE6D9A1}.Release|Any CPU.ActiveCfg = Release|Any CPU
		{A9439385-6778-4FF0-9D88-70D6DDE6D9A1}.Release|Any CPU.Build.0 = Release|Any CPU
		{FF2C6E55-0630-481A-887B-40EA2A2041EE}.Debug|Any CPU.ActiveCfg = Debug|Any CPU
		{FF2C6E55-0630-481A-887B-40EA2A2041EE}.Debug|Any CPU.Build.0 = Debug|Any CPU
		{FF2C6E55-0630-481A-887B-40EA2A2041EE}.Release|Any CPU.ActiveCfg = Release|Any CPU
		{FF2C6E55-0630-481A-887B-40EA2A2041EE}.Release|Any CPU.Build.0 = Release|Any CPU
		{261225EA-11F4-4439-9F7D-61DF3FEF0079}.Debug|Any CPU.ActiveCfg = Debug|Any CPU
		{261225EA-11F4-4439-9F7D-61DF3FEF0079}.Debug|Any CPU.Build.0 = Debug|Any CPU
		{261225EA-11F4-4439-9F7D-61DF3FEF0079}.Release|Any CPU.ActiveCfg = Release|Any CPU
		{261225EA-11F4-4439-9F7D-61DF3FEF0079}.Release|Any CPU.Build.0 = Release|Any CPU
		{F71370CC-38F9-4F0E-9F72-26B33C000A6B}.Debug|Any CPU.ActiveCfg = Debug|Any CPU
		{F71370CC-38F9-4F0E-9F72-26B33C000A6B}.Debug|Any CPU.Build.0 = Debug|Any CPU
		{F71370CC-38F9-4F0E-9F72-26B33C000A6B}.Release|Any CPU.ActiveCfg = Release|Any CPU
		{F71370CC-38F9-4F0E-9F72-26B33C000A6B}.Release|Any CPU.Build.0 = Release|Any CPU
		{45C82ED5-BAF0-4789-87E8-6A32528B261A}.Debug|Any CPU.ActiveCfg = Debug|Any CPU
		{45C82ED5-BAF0-4789-87E8-6A32528B261A}.Debug|Any CPU.Build.0 = Debug|Any CPU
		{45C82ED5-BAF0-4789-87E8-6A32528B261A}.Release|Any CPU.ActiveCfg = Release|Any CPU
		{45C82ED5-BAF0-4789-87E8-6A32528B261A}.Release|Any CPU.Build.0 = Release|Any CPU
		{D5E5C4AF-9759-45A1-B79B-6DEC59275112}.Debug|Any CPU.ActiveCfg = Debug|Any CPU
		{D5E5C4AF-9759-45A1-B79B-6DEC59275112}.Debug|Any CPU.Build.0 = Debug|Any CPU
		{D5E5C4AF-9759-45A1-B79B-6DEC59275112}.Release|Any CPU.ActiveCfg = Release|Any CPU
		{D5E5C4AF-9759-45A1-B79B-6DEC59275112}.Release|Any CPU.Build.0 = Release|Any CPU
		{B654F480-2540-4E6C-9F50-42E6A2BEB20D}.Debug|Any CPU.ActiveCfg = Debug|Any CPU
		{B654F480-2540-4E6C-9F50-42E6A2BEB20D}.Debug|Any CPU.Build.0 = Debug|Any CPU
		{B654F480-2540-4E6C-9F50-42E6A2BEB20D}.Release|Any CPU.ActiveCfg = Release|Any CPU
		{B654F480-2540-4E6C-9F50-42E6A2BEB20D}.Release|Any CPU.Build.0 = Release|Any CPU
		{26A178B7-CAFB-4D6C-B946-13681E950761}.Debug|Any CPU.ActiveCfg = Debug|Any CPU
		{26A178B7-CAFB-4D6C-B946-13681E950761}.Debug|Any CPU.Build.0 = Debug|Any CPU
		{26A178B7-CAFB-4D6C-B946-13681E950761}.Release|Any CPU.ActiveCfg = Release|Any CPU
		{26A178B7-CAFB-4D6C-B946-13681E950761}.Release|Any CPU.Build.0 = Release|Any CPU
	EndGlobalSection
	GlobalSection(SolutionProperties) = preSolution
		HideSolutionNode = FALSE
	EndGlobalSection
	GlobalSection(NestedProjects) = preSolution
		{9EF6E08C-718E-420F-8735-5C728BCF822B} = {8BC03B4B-DB9B-4066-92A9-D243AADF33D5}
		{8BDF68B9-C796-47AC-AEAC-D994763A4FEA} = {9EF6E08C-718E-420F-8735-5C728BCF822B}
		{02B34331-FFA4-4BB1-9E53-6697872C3C8A} = {9EF6E08C-718E-420F-8735-5C728BCF822B}
		{BB37A50F-898E-4622-BAA1-DF7538D78158} = {9EF6E08C-718E-420F-8735-5C728BCF822B}
		{C9FB06A0-55FB-49A9-9145-7145BA748AC1} = {9EF6E08C-718E-420F-8735-5C728BCF822B}
		{BB60BB23-6D4B-4B11-AD55-12F6E98D15AB} = {8BC03B4B-DB9B-4066-92A9-D243AADF33D5}
		{8E33A9F2-473F-49B8-B0A6-1DBC96CFD99C} = {BB60BB23-6D4B-4B11-AD55-12F6E98D15AB}
		{91B11E3C-69AD-41D0-9739-FDCAB04493B7} = {BB60BB23-6D4B-4B11-AD55-12F6E98D15AB}
		{35E5F082-EE72-439B-A103-9EE91B55ADFC} = {BB60BB23-6D4B-4B11-AD55-12F6E98D15AB}
		{98427024-F5F8-4D4B-9CE0-52626EFE2381} = {BB60BB23-6D4B-4B11-AD55-12F6E98D15AB}
		{66E3CACE-993B-46CD-85A3-2B389122EF94} = {8BC03B4B-DB9B-4066-92A9-D243AADF33D5}
		{C296EE2B-9FBC-40F8-89B1-9B322226335C} = {66E3CACE-993B-46CD-85A3-2B389122EF94}
		{ACAB02A0-7961-4E09-9C13-3C0389661EF3} = {66E3CACE-993B-46CD-85A3-2B389122EF94}
		{2B9EADB1-C962-4B02-9D08-3A1335AB1C32} = {66E3CACE-993B-46CD-85A3-2B389122EF94}
		{A628ED03-4959-4AEA-BDAB-8159CB8C9C09} = {66E3CACE-993B-46CD-85A3-2B389122EF94}
		{98B29A9F-E7E7-4E21-9B48-A2914BD07284} = {8BC03B4B-DB9B-4066-92A9-D243AADF33D5}
		{A9439385-6778-4FF0-9D88-70D6DDE6D9A1} = {98B29A9F-E7E7-4E21-9B48-A2914BD07284}
		{FF2C6E55-0630-481A-887B-40EA2A2041EE} = {98B29A9F-E7E7-4E21-9B48-A2914BD07284}
		{261225EA-11F4-4439-9F7D-61DF3FEF0079} = {98B29A9F-E7E7-4E21-9B48-A2914BD07284}
		{F71370CC-38F9-4F0E-9F72-26B33C000A6B} = {98B29A9F-E7E7-4E21-9B48-A2914BD07284}
		{45C82ED5-BAF0-4789-87E8-6A32528B261A} = {ED5B68FF-AA3C-4548-AE88-130B82AD642B}
		{D5E5C4AF-9759-45A1-B79B-6DEC59275112} = {696D6BBB-86FB-443F-98BF-535B78BC84CC}
		{B654F480-2540-4E6C-9F50-42E6A2BEB20D} = {ED5B68FF-AA3C-4548-AE88-130B82AD642B}
		{26A178B7-CAFB-4D6C-B946-13681E950761} = {ED5B68FF-AA3C-4548-AE88-130B82AD642B}
	EndGlobalSection
	GlobalSection(ExtensibilityGlobals) = postSolution
		SolutionGuid = {943FFE79-7526-41E1-970D-63E99DDC341A}
	EndGlobalSection
EndGlobal
